// !$*UTF8*$!
{
	archiveVersion = 1;
	classes = {
	};
	objectVersion = 60;
	objects = {

/* Begin PBXBuildFile section */
		130DC5D51F65F91D00BBCB60 /* AppDelegate.swift in Sources */ = {isa = PBXBuildFile; fileRef = 130DC5D41F65F91D00BBCB60 /* AppDelegate.swift */; };
		130DC5D71F65F91D00BBCB60 /* Assets.xcassets in Resources */ = {isa = PBXBuildFile; fileRef = 130DC5D61F65F91D00BBCB60 /* Assets.xcassets */; };
		130DC5DA1F65F91D00BBCB60 /* MainMenu.xib in Resources */ = {isa = PBXBuildFile; fileRef = 130DC5D81F65F91D00BBCB60 /* MainMenu.xib */; };
		134A02F01F6B36C60050216F /* InputMethodIcon.tiff in Resources */ = {isa = PBXBuildFile; fileRef = 134922E01F6B33B9000AA483 /* InputMethodIcon.tiff */; };
		13779B981FB3351C001529BF /* Preferences.swift in Sources */ = {isa = PBXBuildFile; fileRef = 13779B971FB3351C001529BF /* Preferences.swift */; };
		13A455CD1F9F5D2900F2D3EA /* InfoPlist.strings in Resources */ = {isa = PBXBuildFile; fileRef = 13A455CF1F9F5D2900F2D3EA /* InfoPlist.strings */; };
		13AC72241FAD4D7200585E3B /* Preferences.tiff in Resources */ = {isa = PBXBuildFile; fileRef = 13AC72231FAD4D7200585E3B /* Preferences.tiff */; };
		13AC72271FAD4D7200585E3B /* Preferences.xib in Resources */ = {isa = PBXBuildFile; fileRef = 13AC72251FAD4D7200585E3B /* Preferences.xib */; };
		13AC72301FAD4E2400585E3B /* Preferences.prefPane in Copy Preferences Pane */ = {isa = PBXBuildFile; fileRef = 13AC721D1FAD4D7200585E3B /* Preferences.prefPane */; settings = {ATTRIBUTES = (CodeSignOnCopy, RemoveHeadersOnCopy, ); }; };
		5B1EAEE32FCECF2A003E307F /* LibEmojiIMPreferences in Frameworks */ = {isa = PBXBuildFile; productRef = 5B1EAEE22FCECF2A003E307F /* LibEmojiIMPreferences */; };
		5B6DFB922FCEC9910093897C /* LibEmojiIM in Frameworks */ = {isa = PBXBuildFile; productRef = 5B6DFB912FCEC9910093897C /* LibEmojiIM */; };
		5B6DFB942FCEC9A00093897C /* LibEmojiIM in Frameworks */ = {isa = PBXBuildFile; productRef = 5B6DFB932FCEC9A00093897C /* LibEmojiIM */; };
/* End PBXBuildFile section */

/* Begin PBXContainerItemProxy section */
		13AC722D1FAD4E0400585E3B /* PBXContainerItemProxy */ = {
			isa = PBXContainerItemProxy;
			containerPortal = 130DC5C91F65F91D00BBCB60 /* Project object */;
			proxyType = 1;
			remoteGlobalIDString = 13AC721C1FAD4D7200585E3B;
			remoteInfo = Preferences;
		};
/* End PBXContainerItemProxy section */

/* Begin PBXCopyFilesBuildPhase section */
		13AC722F1FAD4E1400585E3B /* Copy Preferences Pane */ = {
			isa = PBXCopyFilesBuildPhase;
			buildActionMask = 2147483647;
			dstPath = "";
			dstSubfolderSpec = 7;
			files = (
				13AC72301FAD4E2400585E3B /* Preferences.prefPane in Copy Preferences Pane */,
			);
			name = "Copy Preferences Pane";
			runOnlyForDeploymentPostprocessing = 0;
		};
/* End PBXCopyFilesBuildPhase section */

/* Begin PBXFileReference section */
		130423681F6C9927008989B1 /* InputMethodIcon@2x.tiff */ = {isa = PBXFileReference; lastKnownFileType = image.tiff; path = "InputMethodIcon@2x.tiff"; sourceTree = "<group>"; };
		130DC5D11F65F91D00BBCB60 /* EmojiIM.app */ = {isa = PBXFileReference; explicitFileType = wrapper.application; includeInIndex = 0; path = EmojiIM.app; sourceTree = BUILT_PRODUCTS_DIR; };
		130DC5D41F65F91D00BBCB60 /* AppDelegate.swift */ = {isa = PBXFileReference; lastKnownFileType = sourcecode.swift; path = AppDelegate.swift; sourceTree = "<group>"; };
		130DC5D61F65F91D00BBCB60 /* Assets.xcassets */ = {isa = PBXFileReference; lastKnownFileType = folder.assetcatalog; path = Assets.xcassets; sourceTree = "<group>"; };
		130DC5D91F65F91D00BBCB60 /* Base */ = {isa = PBXFileReference; lastKnownFileType = file.xib; name = Base; path = Base.lproj/MainMenu.xib; sourceTree = "<group>"; };
		130DC5DB1F65F91D00BBCB60 /* Info.plist */ = {isa = PBXFileReference; lastKnownFileType = text.plist.xml; path = Info.plist; sourceTree = "<group>"; };
		130DC5DC1F65F91D00BBCB60 /* EmojiIM.entitlements */ = {isa = PBXFileReference; lastKnownFileType = text.plist.entitlements; path = EmojiIM.entitlements; sourceTree = "<group>"; };
		134922E01F6B33B9000AA483 /* InputMethodIcon.tiff */ = {isa = PBXFileReference; lastKnownFileType = image.tiff; path = InputMethodIcon.tiff; sourceTree = "<group>"; };
		13779B971FB3351C001529BF /* Preferences.swift */ = {isa = PBXFileReference; fileEncoding = 4; lastKnownFileType = sourcecode.swift; path = Preferences.swift; sourceTree = "<group>"; };
		13A455D01F9F5E1D00F2D3EA /* Base */ = {isa = PBXFileReference; lastKnownFileType = text.plist.strings; name = Base; path = Base.lproj/InfoPlist.strings; sourceTree = "<group>"; };
		13AC721D1FAD4D7200585E3B /* Preferences.prefPane */ = {isa = PBXFileReference; explicitFileType = wrapper.cfbundle; includeInIndex = 0; path = Preferences.prefPane; sourceTree = BUILT_PRODUCTS_DIR; };
		13AC72231FAD4D7200585E3B /* Preferences.tiff */ = {isa = PBXFileReference; lastKnownFileType = image.tiff; path = Preferences.tiff; sourceTree = "<group>"; };
		13AC72261FAD4D7200585E3B /* Base */ = {isa = PBXFileReference; lastKnownFileType = file.xib; name = Base; path = Base.lproj/Preferences.xib; sourceTree = "<group>"; };
		13AC72281FAD4D7200585E3B /* Info.plist */ = {isa = PBXFileReference; lastKnownFileType = text.plist.xml; path = Info.plist; sourceTree = "<group>"; };
		13BE30421F731F7B001D3AF8 /* Tests.swift */ = {isa = PBXFileReference; lastKnownFileType = sourcecode.swift; path = Tests.swift; sourceTree = "<group>"; };
		13BE30441F731F7B001D3AF8 /* Info.plist */ = {isa = PBXFileReference; lastKnownFileType = text.plist.xml; path = Info.plist; sourceTree = "<group>"; };
		5BE8DF622FCED42E00F42E22 /* LibEmojiIM */ = {isa = PBXFileReference; lastKnownFileType = wrapper; path = LibEmojiIM; sourceTree = "<group>"; };
/* End PBXFileReference section */

/* Begin PBXFrameworksBuildPhase section */
		130DC5CE1F65F91D00BBCB60 /* Frameworks */ = {
			isa = PBXFrameworksBuildPhase;
			buildActionMask = 2147483647;
			files = (
				5B6DFB922FCEC9910093897C /* LibEmojiIM in Frameworks */,
			);
			runOnlyForDeploymentPostprocessing = 0;
		};
		13AC72191FAD4D7200585E3B /* Frameworks */ = {
			isa = PBXFrameworksBuildPhase;
			buildActionMask = 2147483647;
			files = (
				5B1EAEE32FCECF2A003E307F /* LibEmojiIMPreferences in Frameworks */,
				5B6DFB942FCEC9A00093897C /* LibEmojiIM in Frameworks */,
			);
			runOnlyForDeploymentPostprocessing = 0;
		};
/* End PBXFrameworksBuildPhase section */

/* Begin PBXGroup section */
		130DC5C81F65F91D00BBCB60 = {
			isa = PBXGroup;
			children = (
				5B6DFB7A2FCEC96B0093897C /* Packages */,
				130DC5E21F65F95E00BBCB60 /* Sources */,
				13BE30411F731F7B001D3AF8 /* Tests */,
				130DC5D31F65F91D00BBCB60 /* Resources */,
				130DC5D21F65F91D00BBCB60 /* Products */,
				D64E41A34C7490A75ED1353D /* Frameworks */,
			);
			sourceTree = "<group>";
		};
		130DC5D21F65F91D00BBCB60 /* Products */ = {
			isa = PBXGroup;
			children = (
				130DC5D11F65F91D00BBCB60 /* EmojiIM.app */,
				13AC721D1FAD4D7200585E3B /* Preferences.prefPane */,
			);
			name = Products;
			sourceTree = "<group>";
		};
		130DC5D31F65F91D00BBCB60 /* Resources */ = {
			isa = PBXGroup;
			children = (
				13AC72171FAD4D1100585E3B /* EmojiIM */,
				13AC722C1FAD4D8B00585E3B /* Preferences */,
			);
			path = Resources;
			sourceTree = "<group>";
		};
		130DC5E21F65F95E00BBCB60 /* Sources */ = {
			isa = PBXGroup;
			children = (
				130DC5D41F65F91D00BBCB60 /* AppDelegate.swift */,
				13AC721E1FAD4D7200585E3B /* Preferences */,
			);
			path = Sources;
			sourceTree = "<group>";
		};
		1313B8251F9357B0004B6A2F /* Dictionary */ = {
			isa = PBXGroup;
			children = (
			);
			path = Dictionary;
			sourceTree = "<group>";
		};
		134CE31920FC880100BC4009 /* Extension */ = {
			isa = PBXGroup;
			children = (
			);
			path = Extension;
			sourceTree = "<group>";
		};
		13AC72171FAD4D1100585E3B /* EmojiIM */ = {
			isa = PBXGroup;
			children = (
				130DC5DB1F65F91D00BBCB60 /* Info.plist */,
				13A455CF1F9F5D2900F2D3EA /* InfoPlist.strings */,
				130DC5D61F65F91D00BBCB60 /* Assets.xcassets */,
				130DC5D81F65F91D00BBCB60 /* MainMenu.xib */,
				134922E01F6B33B9000AA483 /* InputMethodIcon.tiff */,
				130423681F6C9927008989B1 /* InputMethodIcon@2x.tiff */,
				130DC5DC1F65F91D00BBCB60 /* EmojiIM.entitlements */,
			);
			path = EmojiIM;
			sourceTree = "<group>";
		};
		13AC721E1FAD4D7200585E3B /* Preferences */ = {
			isa = PBXGroup;
			children = (
				13779B971FB3351C001529BF /* Preferences.swift */,
			);
			path = Preferences;
			sourceTree = "<group>";
		};
		13AC722C1FAD4D8B00585E3B /* Preferences */ = {
			isa = PBXGroup;
			children = (
				13AC72231FAD4D7200585E3B /* Preferences.tiff */,
				13AC72251FAD4D7200585E3B /* Preferences.xib */,
				13AC72281FAD4D7200585E3B /* Info.plist */,
			);
			path = Preferences;
			sourceTree = "<group>";
		};
		13BE30411F731F7B001D3AF8 /* Tests */ = {
			isa = PBXGroup;
			children = (
				13BE30611F7325E6001D3AF8 /* Automaton */,
				1313B8251F9357B0004B6A2F /* Dictionary */,
				134CE31920FC880100BC4009 /* Extension */,
				13BE30421F731F7B001D3AF8 /* Tests.swift */,
				13BE30441F731F7B001D3AF8 /* Info.plist */,
			);
			path = Tests;
			sourceTree = "<group>";
		};
		13BE30611F7325E6001D3AF8 /* Automaton */ = {
			isa = PBXGroup;
			children = (
			);
			path = Automaton;
			sourceTree = "<group>";
		};
		5B6DFB7A2FCEC96B0093897C /* Packages */ = {
			isa = PBXGroup;
			children = (
				5BE8DF622FCED42E00F42E22 /* LibEmojiIM */,
			);
			path = Packages;
			sourceTree = "<group>";
		};
		D64E41A34C7490A75ED1353D /* Frameworks */ = {
			isa = PBXGroup;
			children = (
			);
			name = Frameworks;
			sourceTree = "<group>";
		};
/* End PBXGroup section */

/* Begin PBXHeadersBuildPhase section */
		13AC721A1FAD4D7200585E3B /* Headers */ = {
			isa = PBXHeadersBuildPhase;
			buildActionMask = 2147483647;
			files = (
			);
			runOnlyForDeploymentPostprocessing = 0;
		};
/* End PBXHeadersBuildPhase section */

/* Begin PBXNativeTarget section */
		130DC5D01F65F91D00BBCB60 /* EmojiIM */ = {
			isa = PBXNativeTarget;
			buildConfigurationList = 130DC5DF1F65F91D00BBCB60 /* Build configuration list for PBXNativeTarget "EmojiIM" */;
			buildPhases = (
				130DC5CD1F65F91D00BBCB60 /* Sources */,
				130DC5CE1F65F91D00BBCB60 /* Frameworks */,
				130DC5CF1F65F91D00BBCB60 /* Resources */,
				13AC722F1FAD4E1400585E3B /* Copy Preferences Pane */,
				AABBCCDDEEFF001122334455 /* Swift Format */,
			);
			buildRules = (
			);
			dependencies = (
				13AC722E1FAD4E0400585E3B /* PBXTargetDependency */,
			);
			name = EmojiIM;
			productName = EmojiIM;
			productReference = 130DC5D11F65F91D00BBCB60 /* EmojiIM.app */;
			productType = "com.apple.product-type.application";
		};
		13AC721C1FAD4D7200585E3B /* Preferences */ = {
			isa = PBXNativeTarget;
			buildConfigurationList = 13AC72291FAD4D7200585E3B /* Build configuration list for PBXNativeTarget "Preferences" */;
			buildPhases = (
				13AC72181FAD4D7200585E3B /* Sources */,
				13AC72191FAD4D7200585E3B /* Frameworks */,
				13AC721A1FAD4D7200585E3B /* Headers */,
				13AC721B1FAD4D7200585E3B /* Resources */,
			);
			buildRules = (
			);
			dependencies = (
			);
			name = Preferences;
			productName = Preferences;
			productReference = 13AC721D1FAD4D7200585E3B /* Preferences.prefPane */;
			productType = "com.apple.product-type.bundle";
		};
/* End PBXNativeTarget section */

/* Begin PBXProject section */
		130DC5C91F65F91D00BBCB60 /* Project object */ = {
			isa = PBXProject;
			attributes = {
				BuildIndependentTargetsInParallel = YES;
				LastSwiftUpdateCheck = 0900;
				LastUpgradeCheck = 2650;
				ORGANIZATIONNAME = mzp;
				TargetAttributes = {
					130DC5D01F65F91D00BBCB60 = {
						CreatedOnToolsVersion = 9.0;
						ProvisioningStyle = Automatic;
						SystemCapabilities = {
							com.apple.Sandbox = {
								enabled = 1;
							};
						};
					};
					13AC721C1FAD4D7200585E3B = {
						CreatedOnToolsVersion = 9.1;
						ProvisioningStyle = Automatic;
					};
				};
			};
			buildConfigurationList = 130DC5CC1F65F91D00BBCB60 /* Build configuration list for PBXProject "EmojiIM" */;
			compatibilityVersion = "Xcode 8.0";
			developmentRegion = en;
			hasScannedForEncodings = 0;
			knownRegions = (
				en,
				Base,
			);
			mainGroup = 130DC5C81F65F91D00BBCB60;
			packageReferences = (
				5B6DFB902FCEC9910093897C /* XCLocalSwiftPackageReference "Packages/LibEmojiIM" */,
			);
			productRefGroup = 130DC5D21F65F91D00BBCB60 /* Products */;
			projectDirPath = "";
			projectRoot = "";
			targets = (
				130DC5D01F65F91D00BBCB60 /* EmojiIM */,
				13AC721C1FAD4D7200585E3B /* Preferences */,
			);
		};
/* End PBXProject section */

/* Begin PBXResourcesBuildPhase section */
		130DC5CF1F65F91D00BBCB60 /* Resources */ = {
			isa = PBXResourcesBuildPhase;
			buildActionMask = 2147483647;
			files = (
				134A02F01F6B36C60050216F /* InputMethodIcon.tiff in Resources */,
				13A455CD1F9F5D2900F2D3EA /* InfoPlist.strings in Resources */,
				130DC5D71F65F91D00BBCB60 /* Assets.xcassets in Resources */,
				130DC5DA1F65F91D00BBCB60 /* MainMenu.xib in Resources */,
			);
			runOnlyForDeploymentPostprocessing = 0;
		};
		13AC721B1FAD4D7200585E3B /* Resources */ = {
			isa = PBXResourcesBuildPhase;
			buildActionMask = 2147483647;
			files = (
				13AC72271FAD4D7200585E3B /* Preferences.xib in Resources */,
				13AC72241FAD4D7200585E3B /* Preferences.tiff in Resources */,
			);
			runOnlyForDeploymentPostprocessing = 0;
		};
/* End PBXResourcesBuildPhase section */

/* Begin PBXSourcesBuildPhase section */
		130DC5CD1F65F91D00BBCB60 /* Sources */ = {
			isa = PBXSourcesBuildPhase;
			buildActionMask = 2147483647;
			files = (
				130DC5D51F65F91D00BBCB60 /* AppDelegate.swift in Sources */,
			);
			runOnlyForDeploymentPostprocessing = 0;
		};
		13AC72181FAD4D7200585E3B /* Sources */ = {
			isa = PBXSourcesBuildPhase;
			buildActionMask = 2147483647;
			files = (
				13779B981FB3351C001529BF /* Preferences.swift in Sources */,
			);
			runOnlyForDeploymentPostprocessing = 0;
		};
/* End PBXSourcesBuildPhase section */

/* Begin PBXShellScriptBuildPhase section */
		AABBCCDDEEFF001122334455 /* Swift Format */ = {
			isa = PBXShellScriptBuildPhase;
			alwaysOutOfDate = 1;
			buildActionMask = 2147483647;
			files = (
			);
			inputFileListPaths = (
			);
			inputPaths = (
			);
			name = "Swift Format";
			outputFileListPaths = (
			);
			outputPaths = (
			);
			runOnlyForDeploymentPostprocessing = 0;
			shellPath = /bin/sh;
			shellScript = "if xcrun --find swift-format >/dev/null 2>&1; then\n    find \"${SRCROOT}/Sources\" \"${SRCROOT}/Tests\" -name \"*.swift\" -type f -print0 2>/dev/null | xargs -0 xcrun swift-format format --in-place --ignore-unparsable-files 2>/dev/null || true\n    find \"${SRCROOT}/Packages\" -name \"*.swift\" -type f -print0 2>/dev/null | xargs -0 xcrun swift-format format --in-place --ignore-unparsable-files 2>/dev/null || true\nfi";
		};
/* End PBXShellScriptBuildPhase section */

/* Begin PBXTargetDependency section */
		13AC722E1FAD4E0400585E3B /* PBXTargetDependency */ = {
			isa = PBXTargetDependency;
			target = 13AC721C1FAD4D7200585E3B /* Preferences */;
			targetProxy = 13AC722D1FAD4E0400585E3B /* PBXContainerItemProxy */;
		};
/* End PBXTargetDependency section */

/* Begin PBXVariantGroup section */
		130DC5D81F65F91D00BBCB60 /* MainMenu.xib */ = {
			isa = PBXVariantGroup;
			children = (
				130DC5D91F65F91D00BBCB60 /* Base */,
			);
			name = MainMenu.xib;
			sourceTree = "<group>";
		};
		13A455CF1F9F5D2900F2D3EA /* InfoPlist.strings */ = {
			isa = PBXVariantGroup;
			children = (
				13A455D01F9F5E1D00F2D3EA /* Base */,
			);
			name = InfoPlist.strings;
			sourceTree = "<group>";
		};
		13AC72251FAD4D7200585E3B /* Preferences.xib */ = {
			isa = PBXVariantGroup;
			children = (
				13AC72261FAD4D7200585E3B /* Base */,
			);
			name = Preferences.xib;
			sourceTree = "<group>";
		};
/* End PBXVariantGroup section */

/* Begin XCBuildConfiguration section */
		130DC5DD1F65F91D00BBCB60 /* Debug */ = {
			isa = XCBuildConfiguration;
			buildSettings = {
				ALWAYS_SEARCH_USER_PATHS = NO;
				CLANG_ANALYZER_NONNULL = YES;
				CLANG_ANALYZER_NUMBER_OBJECT_CONVERSION = YES_AGGRESSIVE;
				CLANG_CXX_LANGUAGE_STANDARD = "gnu++14";
				CLANG_CXX_LIBRARY = "libc++";
				CLANG_ENABLE_MODULES = YES;
				CLANG_ENABLE_OBJC_ARC = YES;
				CLANG_WARN_BLOCK_CAPTURE_AUTORELEASING = YES;
				CLANG_WARN_BOOL_CONVERSION = YES;
				CLANG_WARN_COMMA = YES;
				CLANG_WARN_CONSTANT_CONVERSION = YES;
				CLANG_WARN_DEPRECATED_OBJC_IMPLEMENTATIONS = YES;
				CLANG_WARN_DIRECT_OBJC_ISA_USAGE = YES_ERROR;
				CLANG_WARN_DOCUMENTATION_COMMENTS = YES;
				CLANG_WARN_EMPTY_BODY = YES;
				CLANG_WARN_ENUM_CONVERSION = YES;
				CLANG_WARN_INFINITE_RECURSION = YES;
				CLANG_WARN_INT_CONVERSION = YES;
				CLANG_WARN_NON_LITERAL_NULL_CONVERSION = YES;
				CLANG_WARN_OBJC_IMPLICIT_RETAIN_SELF = YES;
				CLANG_WARN_OBJC_LITERAL_CONVERSION = YES;
				CLANG_WARN_OBJC_ROOT_CLASS = YES_ERROR;
				CLANG_WARN_QUOTED_INCLUDE_IN_FRAMEWORK_HEADER = YES;
				CLANG_WARN_RANGE_LOOP_ANALYSIS = YES;
				CLANG_WARN_STRICT_PROTOTYPES = YES;
				CLANG_WARN_SUSPICIOUS_MOVE = YES;
				CLANG_WARN_UNGUARDED_AVAILABILITY = YES_AGGRESSIVE;
				CLANG_WARN_UNREACHABLE_CODE = YES;
				CLANG_WARN__DUPLICATE_METHOD_MATCH = YES;
				CODE_SIGN_IDENTITY = "-";
				COPY_PHASE_STRIP = NO;
				DEAD_CODE_STRIPPING = YES;
				DEBUG_INFORMATION_FORMAT = dwarf;
				DEVELOPMENT_TEAM = VG2YYSKSHY;
				ENABLE_STRICT_OBJC_MSGSEND = YES;
				ENABLE_TESTABILITY = YES;
				ENABLE_USER_SCRIPT_SANDBOXING = YES;
				GCC_C_LANGUAGE_STANDARD = gnu11;
				GCC_DYNAMIC_NO_PIC = NO;
				GCC_NO_COMMON_BLOCKS = YES;
				GCC_OPTIMIZATION_LEVEL = 0;
				GCC_PREPROCESSOR_DEFINITIONS = (
					"DEBUG=1",
					"$(inherited)",
				);
				GCC_WARN_64_TO_32_BIT_CONVERSION = YES;
				GCC_WARN_ABOUT_RETURN_TYPE = YES_ERROR;
				GCC_WARN_UNDECLARED_SELECTOR = YES;
				GCC_WARN_UNINITIALIZED_AUTOS = YES_AGGRESSIVE;
				GCC_WARN_UNUSED_FUNCTION = YES;
				GCC_WARN_UNUSED_VARIABLE = YES;
				MACOSX_DEPLOYMENT_TARGET = 10.15;
				MTL_ENABLE_DEBUG_INFO = YES;
				ONLY_ACTIVE_ARCH = YES;
				SDKROOT = macosx;
				STRING_CATALOG_GENERATE_SYMBOLS = YES;
				SWIFT_ACTIVE_COMPILATION_CONDITIONS = DEBUG;
				SWIFT_OPTIMIZATION_LEVEL = "-Onone";
			};
			name = Debug;
		};
		130DC5DE1F65F91D00BBCB60 /* Release */ = {
			isa = XCBuildConfiguration;
			buildSettings = {
				ALWAYS_SEARCH_USER_PATHS = NO;
				CLANG_ANALYZER_NONNULL = YES;
				CLANG_ANALYZER_NUMBER_OBJECT_CONVERSION = YES_AGGRESSIVE;
				CLANG_CXX_LANGUAGE_STANDARD = "gnu++14";
				CLANG_CXX_LIBRARY = "libc++";
				CLANG_ENABLE_MODULES = YES;
				CLANG_ENABLE_OBJC_ARC = YES;
				CLANG_WARN_BLOCK_CAPTURE_AUTORELEASING = YES;
				CLANG_WARN_BOOL_CONVERSION = YES;
				CLANG_WARN_COMMA = YES;
				CLANG_WARN_CONSTANT_CONVERSION = YES;
				CLANG_WARN_DEPRECATED_OBJC_IMPLEMENTATIONS = YES;
				CLANG_WARN_DIRECT_OBJC_ISA_USAGE = YES_ERROR;
				CLANG_WARN_DOCUMENTATION_COMMENTS = YES;
				CLANG_WARN_EMPTY_BODY = YES;
				CLANG_WARN_ENUM_CONVERSION = YES;
				CLANG_WARN_INFINITE_RECURSION = YES;
				CLANG_WARN_INT_CONVERSION = YES;
				CLANG_WARN_NON_LITERAL_NULL_CONVERSION = YES;
				CLANG_WARN_OBJC_IMPLICIT_RETAIN_SELF = YES;
				CLANG_WARN_OBJC_LITERAL_CONVERSION = YES;
				CLANG_WARN_OBJC_ROOT_CLASS = YES_ERROR;
				CLANG_WARN_QUOTED_INCLUDE_IN_FRAMEWORK_HEADER = YES;
				CLANG_WARN_RANGE_LOOP_ANALYSIS = YES;
				CLANG_WARN_STRICT_PROTOTYPES = YES;
				CLANG_WARN_SUSPICIOUS_MOVE = YES;
				CLANG_WARN_UNGUARDED_AVAILABILITY = YES_AGGRESSIVE;
				CLANG_WARN_UNREACHABLE_CODE = YES;
				CLANG_WARN__DUPLICATE_METHOD_MATCH = YES;
				CODE_SIGN_IDENTITY = "-";
				COPY_PHASE_STRIP = NO;
				DEAD_CODE_STRIPPING = YES;
				DEBUG_INFORMATION_FORMAT = "dwarf-with-dsym";
				DEVELOPMENT_TEAM = VG2YYSKSHY;
				ENABLE_NS_ASSERTIONS = NO;
				ENABLE_STRICT_OBJC_MSGSEND = YES;
				ENABLE_USER_SCRIPT_SANDBOXING = YES;
				GCC_C_LANGUAGE_STANDARD = gnu11;
				GCC_NO_COMMON_BLOCKS = YES;
				GCC_WARN_64_TO_32_BIT_CONVERSION = YES;
				GCC_WARN_ABOUT_RETURN_TYPE = YES_ERROR;
				GCC_WARN_UNDECLARED_SELECTOR = YES;
				GCC_WARN_UNINITIALIZED_AUTOS = YES_AGGRESSIVE;
				GCC_WARN_UNUSED_FUNCTION = YES;
				GCC_WARN_UNUSED_VARIABLE = YES;
				MACOSX_DEPLOYMENT_TARGET = 10.15;
				MTL_ENABLE_DEBUG_INFO = NO;
				SDKROOT = macosx;
				STRING_CATALOG_GENERATE_SYMBOLS = YES;
				SWIFT_COMPILATION_MODE = wholemodule;
				SWIFT_OPTIMIZATION_LEVEL = "-O";
			};
			name = Release;
		};
		130DC5E01F65F91D00BBCB60 /* Debug */ = {
			isa = XCBuildConfiguration;
			buildSettings = {
				ASSETCATALOG_COMPILER_APPICON_NAME = AppIcon;
				CODE_SIGN_ENTITLEMENTS = Resources/EmojiIM/EmojiIM.entitlements;
				CODE_SIGN_IDENTITY = "Mac Developer";
				CODE_SIGN_STYLE = Automatic;
				COMBINE_HIDPI_IMAGES = YES;
				DEAD_CODE_STRIPPING = YES;
				DEVELOPMENT_TEAM = WEY3MS268C;
				ENABLE_HARDENED_RUNTIME = YES;
				INFOPLIST_FILE = Resources/EmojiIM/Info.plist;
				LD_RUNPATH_SEARCH_PATHS = (
					"$(inherited)",
					"@executable_path/../Frameworks",
				);
				MACOSX_DEPLOYMENT_TARGET = 15.0;
				PRODUCT_BUNDLE_IDENTIFIER = jp.mzp.inputmethod.EmojiIM;
				PRODUCT_NAME = "$(TARGET_NAME)";
				PROVISIONING_PROFILE_SPECIFIER = "";
				SWIFT_VERSION = 6.0;
			};
			name = Debug;
		};
		130DC5E11F65F91D00BBCB60 /* Release */ = {
			isa = XCBuildConfiguration;
			buildSettings = {
				ASSETCATALOG_COMPILER_APPICON_NAME = AppIcon;
				CODE_SIGN_ENTITLEMENTS = Resources/EmojiIM/EmojiIM.entitlements;
				CODE_SIGN_IDENTITY = "Apple Development";
				CODE_SIGN_STYLE = Manual;
				COMBINE_HIDPI_IMAGES = YES;
				DEAD_CODE_STRIPPING = YES;
				"DEVELOPMENT_TEAM[sdk=macosx*]" = WEY3MS268C;
				ENABLE_HARDENED_RUNTIME = YES;
				INFOPLIST_FILE = Resources/EmojiIM/Info.plist;
				LD_RUNPATH_SEARCH_PATHS = (
					"$(inherited)",
					"@executable_path/../Frameworks",
				);
				MACOSX_DEPLOYMENT_TARGET = 15.0;
				OTHER_CODE_SIGN_FLAGS = "--deep";
				PRODUCT_BUNDLE_IDENTIFIER = jp.mzp.inputmethod.EmojiIM;
				PRODUCT_NAME = "$(TARGET_NAME)";
				PROVISIONING_PROFILE_SPECIFIER = "";
				SWIFT_VERSION = 6.0;
			};
			name = Release;
		};
		13AC722A1FAD4D7200585E3B /* Debug */ = {
			isa = XCBuildConfiguration;
			buildSettings = {
				CODE_SIGN_IDENTITY = "Mac Developer";
				CODE_SIGN_STYLE = Automatic;
				COMBINE_HIDPI_IMAGES = YES;
				DEAD_CODE_STRIPPING = YES;
				DEVELOPMENT_TEAM = WEY3MS268C;
				INFOPLIST_FILE = Resources/Preferences/Info.plist;
				LD_RUNPATH_SEARCH_PATHS = (
					"$(inherited)",
					"@loader_path/../Frameworks",
					"@loader_path/../../../../Frameworks",
				);
				MACOSX_DEPLOYMENT_TARGET = 15.0;
				PRODUCT_BUNDLE_IDENTIFIER = jp.mzp.emojiim.Preferences;
				PRODUCT_NAME = "$(TARGET_NAME)";
				PROVISIONING_PROFILE_SPECIFIER = "";
				SWIFT_VERSION = 6.0;
				WRAPPER_EXTENSION = prefPane;
			};
			name = Debug;
		};
		13AC722B1FAD4D7200585E3B /* Release */ = {
			isa = XCBuildConfiguration;
			buildSettings = {
				CODE_SIGN_IDENTITY = "Apple Development";
				CODE_SIGN_STYLE = Manual;
				COMBINE_HIDPI_IMAGES = YES;
				DEAD_CODE_STRIPPING = YES;
				"DEVELOPMENT_TEAM[sdk=macosx*]" = WEY3MS268C;
				INFOPLIST_FILE = Resources/Preferences/Info.plist;
				LD_RUNPATH_SEARCH_PATHS = (
					"$(inherited)",
					"@loader_path/../Frameworks",
					"@loader_path/../../../../Frameworks",
				);
				MACOSX_DEPLOYMENT_TARGET = 15.0;
				PRODUCT_BUNDLE_IDENTIFIER = jp.mzp.emojiim.Preferences;
				PRODUCT_NAME = "$(TARGET_NAME)";
				PROVISIONING_PROFILE_SPECIFIER = "";
				SWIFT_VERSION = 6.0;
				WRAPPER_EXTENSION = prefPane;
			};
			name = Release;
		};
/* End XCBuildConfiguration section */

/* Begin XCConfigurationList section */
		130DC5CC1F65F91D00BBCB60 /* Build configuration list for PBXProject "EmojiIM" */ = {
			isa = XCConfigurationList;
			buildConfigurations = (
				130DC5DD1F65F91D00BBCB60 /* Debug */,
				130DC5DE1F65F91D00BBCB60 /* Release */,
			);
			defaultConfigurationIsVisible = 0;
			defaultConfigurationName = Release;
		};
		130DC5DF1F65F91D00BBCB60 /* Build configuration list for PBXNativeTarget "EmojiIM" */ = {
			isa = XCConfigurationList;
			buildConfigurations = (
				130DC5E01F65F91D00BBCB60 /* Debug */,
				130DC5E11F65F91D00BBCB60 /* Release */,
			);
			defaultConfigurationIsVisible = 0;
			defaultConfigurationName = Release;
		};
		13AC72291FAD4D7200585E3B /* Build configuration list for PBXNativeTarget "Preferences" */ = {
			isa = XCConfigurationList;
			buildConfigurations = (
				13AC722A1FAD4D7200585E3B /* Debug */,
				13AC722B1FAD4D7200585E3B /* Release */,
			);
			defaultConfigurationIsVisible = 0;
			defaultConfigurationName = Release;
		};
/* End XCConfigurationList section */

/* Begin XCLocalSwiftPackageReference section */
		5B6DFB902FCEC9910093897C /* XCLocalSwiftPackageReference "Packages/LibEmojiIM" */ = {
			isa = XCLocalSwiftPackageReference;
			relativePath = Packages/LibEmojiIM;
		};
/* End XCLocalSwiftPackageReference section */

/* Begin XCSwiftPackageProductDependency section */
		5B1EAEE22FCECF2A003E307F /* LibEmojiIMPreferences */ = {
			isa = XCSwiftPackageProductDependency;
			package = 5B6DFB902FCEC9910093897C /* XCLocalSwiftPackageReference "Packages/LibEmojiIM" */;
			productName = LibEmojiIMPreferences;
		};
		5B6DFB912FCEC9910093897C /* LibEmojiIM */ = {
			isa = XCSwiftPackageProductDependency;
			productName = LibEmojiIM;
		};
		5B6DFB932FCEC9A00093897C /* LibEmojiIM */ = {
			isa = XCSwiftPackageProductDependency;
			package = 5B6DFB902FCEC9910093897C /* XCLocalSwiftPackageReference "Packages/LibEmojiIM" */;
			productName = LibEmojiIM;
		};
/* End XCSwiftPackageProductDependency section */
	};
	rootObject = 130DC5C91F65F91D00BBCB60 /* Project object */;
}
